// !$*UTF8*$!
{
	archiveVersion = 1;
	classes = {
	};
	objectVersion = 46;
	objects = {

/* Begin PBXBuildFile section */
		AF123FD11F64142B00472CEE /* AppDelegate.swift in Sources */ = {isa = PBXBuildFile; fileRef = AF123FD01F64142B00472CEE /* AppDelegate.swift */; };
		AF123FD31F64142B00472CEE /* ViewController.swift in Sources */ = {isa = PBXBuildFile; fileRef = AF123FD21F64142B00472CEE /* ViewController.swift */; };
		AF123FD61F64142B00472CEE /* Main.storyboard in Resources */ = {isa = PBXBuildFile; fileRef = AF123FD41F64142B00472CEE /* Main.storyboard */; };
		AF123FD81F64142B00472CEE /* Assets.xcassets in Resources */ = {isa = PBXBuildFile; fileRef = AF123FD71F64142B00472CEE /* Assets.xcassets */; };
		AF123FDB1F64142B00472CEE /* LaunchScreen.storyboard in Resources */ = {isa = PBXBuildFile; fileRef = AF123FD91F64142B00472CEE /* LaunchScreen.storyboard */; };
		AF123FE31F64146900472CEE /* AnimalInfo.csv in Resources */ = {isa = PBXBuildFile; fileRef = AF123FE21F64146900472CEE /* AnimalInfo.csv */; };
		AF123FE51F64165300472CEE /* DetailViewController.swift in Sources */ = {isa = PBXBuildFile; fileRef = AF123FE41F64165300472CEE /* DetailViewController.swift */; };
/* End PBXBuildFile section */

/* Begin PBXFileReference section */
		AF123FCD1F64142B00472CEE /* Animals.app */ = {isa = PBXFileReference; explicitFileType = wrapper.application; includeInIndex = 0; path = Animals.app; sourceTree = BUILT_PRODUCTS_DIR; };
		AF123FD01F64142B00472CEE /* AppDelegate.swift */ = {isa = PBXFileReference; lastKnownFileType = sourcecode.swift; path = AppDelegate.swift; sourceTree = "<group>"; };
		AF123FD21F64142B00472CEE /* ViewController.swift */ = {isa = PBXFileReference; lastKnownFileType = sourcecode.swift; path = ViewController.swift; sourceTree = "<group>"; };
		AF123FD51F64142B00472CEE /* Base */ = {isa = PBXFileReference; lastKnownFileType = file.storyboard; name = Base; path = Base.lproj/Main.storyboard; sourceTree = "<group>"; };
		AF123FD71F64142B00472CEE /* Assets.xcassets */ = {isa = PBXFileReference; lastKnownFileType = folder.assetcatalog; path = Assets.xcassets; sourceTree = "<group>"; };
		AF123FDA1F64142B00472CEE /* Base */ = {isa = PBXFileReference; lastKnownFileType = file.storyboard; name = Base; path = Base.lproj/LaunchScreen.storyboard; sourceTree = "<group>"; };
		AF123FDC1F64142B00472CEE /* Info.plist */ = {isa = PBXFileReference; lastKnownFileType = text.plist.xml; path = Info.plist; sourceTree = "<group>"; };
		AF123FE21F64146900472CEE /* AnimalInfo.csv */ = {isa = PBXFileReference; fileEncoding = 4; lastKnownFileType = text; name = AnimalInfo.csv; path = ../AnimalInfo.csv; sourceTree = "<group>"; };
		AF123FE41F64165300472CEE /* DetailViewController.swift */ = {isa = PBXFileReference; fileEncoding = 4; lastKnownFileType = sourcecode.swift; path = DetailViewController.swift; sourceTree = "<group>"; };
/* End PBXFileReference section */

/* Begin PBXFrameworksBuildPhase section */
		AF123FCA1F64142B00472CEE /* Frameworks */ = {
			isa = PBXFrameworksBuildPhase;
			buildActionMask = 2147483647;
			files = (
			);
			runOnlyForDeploymentPostprocessing = 0;
		};
/* End PBXFrameworksBuildPhase section */

/* Begin PBXGroup section */
		AF123FC41F64142B00472CEE = {
			isa = PBXGroup;
			children = (
				AF123FCF1F64142B00472CEE /* Animals */,
				AF123FCE1F64142B00472CEE /* Products */,
			);
			sourceTree = "<group>";
		};
		AF123FCE1F64142B00472CEE /* Products */ = {
			isa = PBXGroup;
			children = (
				AF123FCD1F64142B00472CEE /* Animals.app */,
			);
			name = Products;
			sourceTree = "<group>";
		};
		AF123FCF1F64142B00472CEE /* Animals */ = {
			isa = PBXGroup;
			children = (
				AF123FE21F64146900472CEE /* AnimalInfo.csv */,
				AF123FD01F64142B00472CEE /* AppDelegate.swift */,
				AF123FD21F64142B00472CEE /* ViewController.swift */,
				AF123FD41F64142B00472CEE /* Main.storyboard */,
				AF123FE41F64165300472CEE /* DetailViewController.swift */,
				AF123FD71F64142B00472CEE /* Assets.xcassets */,
				AF123FD91F64142B00472CEE /* LaunchScreen.storyboard */,
				AF123FDC1F64142B00472CEE /* Info.plist */,
			);
			path = Animals;
			sourceTree = "<group>";
		};
/* End PBXGroup section */

/* Begin PBXNativeTarget section */
		AF123FCC1F64142B00472CEE /* Animals */ = {
			isa = PBXNativeTarget;
			buildConfigurationList = AF123FDF1F64142B00472CEE /* Build configuration list for PBXNativeTarget "Animals" */;
			buildPhases = (
				AF123FC91F64142B00472CEE /* Sources */,
				AF123FCA1F64142B00472CEE /* Frameworks */,
				AF123FCB1F64142B00472CEE /* Resources */,
			);
			buildRules = (
			);
			dependencies = (
			);
			name = Animals;
			productName = Animals;
			productReference = AF123FCD1F64142B00472CEE /* Animals.app */;
			productType = "com.apple.product-type.application";
		};
/* End PBXNativeTarget section */

/* Begin PBXProject section */
		AF123FC51F64142B00472CEE /* Project object */ = {
			isa = PBXProject;
			attributes = {
				LastSwiftUpdateCheck = 0830;
				LastUpgradeCheck = 0830;
				ORGANIZATIONNAME = "Yo Maeda";
				TargetAttributes = {
					AF123FCC1F64142B00472CEE = {
						CreatedOnToolsVersion = 8.3.3;
						ProvisioningStyle = Automatic;
					};
				};
			};
			buildConfigurationList = AF123FC81F64142B00472CEE /* Build configuration list for PBXProject "Animals" */;
			compatibilityVersion = "Xcode 3.2";
			developmentRegion = English;
			hasScannedForEncodings = 0;
			knownRegions = (
				en,
				Base,
			);
			mainGroup = AF123FC41F64142B00472CEE;
			productRefGroup = AF123FCE1F64142B00472CEE /* Products */;
			projectDirPath = "";
			projectRoot = "";
			targets = (
				AF123FCC1F64142B00472CEE /* Animals */,
			);
		};
/* End PBXProject section */

/* Begin PBXResourcesBuildPhase section */
		AF123FCB1F64142B00472CEE /* Resources */ = {
			isa = PBXResourcesBuildPhase;
			buildActionMask = 2147483647;
			files = (
				AF123FDB1F64142B00472CEE /* LaunchScreen.storyboard in Resources */,
				AF123FD81F64142B00472CEE /* Assets.xcassets in Resources */,
				AF123FE31F64146900472CEE /* AnimalInfo.csv in Resources */,
				AF123FD61F64142B00472CEE /* Main.storyboard in Resources */,
			);
			runOnlyForDeploymentPostprocessing = 0;
		};
/* End PBXResourcesBuildPhase section */

/* Begin PBXSourcesBuildPhase section */
		AF123FC91F64142B00472CEE /* Sources */ = {
			isa = PBXSourcesBuildPhase;
			buildActionMask = 2147483647;
			files = (
				AF123FE51F64165300472CEE /* DetailViewController.swift in Sources */,
				AF123FD31F64142B00472CEE /* ViewController.swift in Sources */,
				AF123FD11F64142B00472CEE /* AppDelegate.swift in Sources */,
			);
			runOnlyForDeploymentPostprocessing = 0;
		};
/* End PBXSourcesBuildPhase section */

/* Begin PBXVariantGroup section */
		AF123FD41F64142B00472CEE /* Main.storyboard */ = {
			isa = PBXVariantGroup;
			children = (
				AF123FD51F64142B00472CEE /* Base */,
			);
			name = Main.storyboard;
			sourceTree = "<group>";
		};
		AF123FD91F64142B00472CEE /* LaunchScreen.storyboard */ = {
			isa = PBXVariantGroup;
			children = (
				AF123FDA1F64142B00472CEE /* Base */,
			);
			name = LaunchScreen.storyboard;
			sourceTree = "<group>";
		};
/* End PBXVariantGroup section */

/* Begin XCBuildConfiguration section */
		AF123FDD1F64142B00472CEE /* Debug */ = {
			isa = XCBuildConfiguration;
			buildSettings = {
				ALWAYS_SEARCH_USER_PATHS = NO;
				CLANG_ANALYZER_NONNULL = YES;
				CLANG_ANALYZER_NUMBER_OBJECT_CONVERSION = YES_AGGRESSIVE;
				CLANG_CXX_LANGUAGE_STANDARD = "gnu++0x";
				CLANG_CXX_LIBRARY = "libc++";
				CLANG_ENABLE_MODULES = YES;
				CLANG_ENABLE_OBJC_ARC = YES;
				CLANG_WARN_BOOL_CONVERSION = YES;
				CLANG_WARN_CONSTANT_CONVERSION = YES;
				CLANG_WARN_DIRECT_OBJC_ISA_USAGE = YES_ERROR;
				CLANG_WARN_DOCUMENTATION_COMMENTS = YES;
				CLANG_WARN_EMPTY_BODY = YES;
				CLANG_WARN_ENUM_CONVERSION = YES;
				CLANG_WARN_INFINITE_RECURSION = YES;
				CLANG_WARN_INT_CONVERSION = YES;
				CLANG_WARN_OBJC_ROOT_CLASS = YES_ERROR;
				CLANG_WARN_SUSPICIOUS_MOVE = YES;
				CLANG_WARN_UNREACHABLE_CODE = YES;
				CLANG_WARN__DUPLICATE_METHOD_MATCH = YES;
				"CODE_SIGN_IDENTITY[sdk=iphoneos*]" = "iPhone Developer";
				COPY_PHASE_STRIP = NO;
				DEBUG_INFORMATION_FORMAT = dwarf;
				ENABLE_STRICT_OBJC_MSGSEND = YES;
				ENABLE_TESTABILITY = YES;
				GCC_C_LANGUAGE_STANDARD = gnu99;
				GCC_DYNAMIC_NO_PIC = NO;
				GCC_NO_COMMON_BLOCKS = YES;
				GCC_OPTIMIZATION_LEVEL = 0;
				GCC_PREPROCESSOR_DEFINITIONS = (
					"DEBUG=1",
					"$(inherited)",
				);
				GCC_WARN_64_TO_32_BIT_CONVERSION = YES;
				GCC_WARN_ABOUT_RETURN_TYPE = YES_ERROR;
				GCC_WARN_UNDECLARED_SELECTOR = YES;
				GCC_WARN_UNINITIALIZED_AUTOS = YES_AGGRESSIVE;
				GCC_WARN_UNUSED_FUNCTION = YES;
				GCC_WARN_UNUSED_VARIABLE = YES;
				IPHONEOS_DEPLOYMENT_TARGET = 10.3;
				MTL_ENABLE_DEBUG_INFO = YES;
				ONLY_ACTIVE_ARCH = YES;
				SDKROOT = iphoneos;
				SWIFT_ACTIVE_COMPILATION_CONDITIONS = DEBUG;
				SWIFT_OPTIMIZATION_LEVEL = "-Onone";
			};
			name = Debug;
		};
		AF123FDE1F64142B00472CEE /* Release */ = {
			isa = XCBuildConfiguration;
			buildSettings = {
				ALWAYS_SEARCH_USER_PATHS = NO;
				CLANG_ANALYZER_NONNULL = YES;
				CLANG_ANALYZER_NUMBER_OBJECT_CONVERSION = YES_AGGRESSIVE;
				CLANG_CXX_LANGUAGE_STANDARD = "gnu++0x";
				CLANG_CXX_LIBRARY = "libc++";
				CLANG_ENABLE_MODULES = YES;
				CLANG_ENABLE_OBJC_ARC = YES;
				CLANG_WARN_BOOL_CONVERSION = YES;
				CLANG_WARN_CONSTANT_CONVERSION = YES;
				CLANG_WARN_DIRECT_OBJC_ISA_USAGE = YES_ERROR;
				CLANG_WARN_DOCUMENTATION_COMMENTS = YES;
				CLANG_WARN_EMPTY_BODY = YES;
				CLANG_WARN_ENUM_CONVERSION = YES;
				CLANG_WARN_INFINITE_RECURSION = YES;
				CLANG_WARN_INT_CONVERSION = YES;
				CLANG_WARN_OBJC_ROOT_CLASS = YES_ERROR;
				CLANG_WARN_SUSPICIOUS_MOVE = YES;
				CLANG_WARN_UNREACHABLE_CODE = YES;
				CLANG_WARN__DUPLICATE_METHOD_MATCH = YES;
				"CODE_SIGN_IDENTITY[sdk=iphoneos*]" = "iPhone Developer";
				COPY_PHASE_STRIP = NO;
				DEBUG_INFORMATION_FORMAT = "dwarf-with-dsym";
				ENABLE_NS_ASSERTIONS = NO;
				ENABLE_STRICT_OBJC_MSGSEND = YES;
				GCC_C_LANGUAGE_STANDARD = gnu99;
				GCC_NO_COMMON_BLOCKS = YES;
				GCC_WARN_64_TO_32_BIT_CONVERSION = YES;
				GCC_WARN_ABOUT_RETURN_TYPE = YES_ERROR;
				GCC_WARN_UNDECLARED_SELECTOR = YES;
				GCC_WARN_UNINITIALIZED_AUTOS = YES_AGGRESSIVE;
				GCC_WARN_UNUSED_FUNCTION = YES;
				GCC_WARN_UNUSED_VARIABLE = YES;
				IPHONEOS_DEPLOYMENT_TARGET = 10.3;
				MTL_ENABLE_DEBUG_INFO = NO;
				SDKROOT = iphoneos;
				SWIFT_OPTIMIZATION_LEVEL = "-Owholemodule";
				VALIDATE_PRODUCT = YES;
			};
			name = Release;
		};
		AF123FE01F64142B00472CEE /* Debug */ = {
			isa = XCBuildConfiguration;
			buildSettings = {
				ASSETCATALOG_COMPILER_APPICON_NAME = AppIcon;
				INFOPLIST_FILE = Animals/Info.plist;
				LD_RUNPATH_SEARCH_PATHS = "$(inherited) @executable_path/Frameworks";
				PRODUCT_BUNDLE_IDENTIFIER = jp.classmethod.Animals;
				PRODUCT_NAME = "$(TARGET_NAME)";
				SWIFT_VERSION = 3.0;
			};
			name = Debug;
		};
		AF123FE11F64142B00472CEE /* Release */ = {
			isa = XCBuildConfiguration;
			buildSettings = {
				ASSETCATALOG_COMPILER_APPICON_NAME = AppIcon;
				INFOPLIST_FILE = Animals/Info.plist;
				LD_RUNPATH_SEARCH_PATHS = "$(inherited) @executable_path/Frameworks";
				PRODUCT_BUNDLE_IDENTIFIER = jp.classmethod.Animals;
				PRODUCT_NAME = "$(TARGET_NAME)";
				SWIFT_VERSION = 3.0;
			};
			name = Release;
		};
/* End XCBuildConfiguration section */

/* Begin XCConfigurationList section */
		AF123FC81F64142B00472CEE /* Build configuration list for PBXProject "Animals" */ = {
			isa = XCConfigurationList;
			buildConfigurations = (
				AF123FDD1F64142B00472CEE /* Debug */,
				AF123FDE1F64142B00472CEE /* Release */,
			);
			defaultConfigurationIsVisible = 0;
			defaultConfigurationName = Release;
		};
		AF123FDF1F64142B00472CEE /* Build configuration list for PBXNativeTarget "Animals" */ = {
			isa = XCConfigurationList;
			buildConfigurations = (
				AF123FE01F64142B00472CEE /* Debug */,
				AF123FE11F64142B00472CEE /* Release */,
			);
			defaultConfigurationIsVisible = 0;
		};
/* End XCConfigurationList section */
	};
	rootObject = AF123FC51F64142B00472CEE /* Project object */;
}
